
Microsoft Visual Studio Solution File, Format Version 12.00
# Visual Studio Version 17
VisualStudioVersion = 17.0.31903.59
MinimumVisualStudioVersion = 10.0.40219.1
Project("{2150E333-8FDC-42A3-9474-1A3956D46DE8}") = "week01", "week01", "{D4176A17-D7E5-9C19-FD5F-8803B1692ECF}"
EndProject
Project("{FAE04EC0-301F-11D3-BF4B-00C04F79EFBC}") = "csharp-1", "week01\csharp-1\csharp-1.csproj", "{A81D5BA4-7800-4585-9B64-281F8D2ED4F8}"
EndProject
Project("{FAE04EC0-301F-11D3-BF4B-00C04F79EFBC}") = "csharp-2", "week01\csharp-2\csharp-2.csproj", "{676EF27E-7651-4197-9D03-F2E9937B383E}"
EndProject
Project("{FAE04EC0-301F-11D3-BF4B-00C04F79EFBC}") = "csharp-3", "week01\csharp-3\csharp-3.csproj", "{7500851A-CAE9-4C7E-AEB4-D2D66BBC83A4}"
EndProject
Project("{FAE04EC0-301F-11D3-BF4B-00C04F79EFBC}") = "csharp-4", "week01\csharp-4\csharp-4.csproj", "{EEB585A7-DE3D-4E10-8E8B-EE87A20EACCC}"
EndProject
Project("{FAE04EC0-301F-11D3-BF4B-00C04F79EFBC}") = "csharp-5", "week01\csharp-5\csharp-5.csproj", "{8F9B576B-D3D5-4F16-ABCF-E503FB66B16E}"
EndProject
Project("{2150E333-8FDC-42A3-9474-1A3956D46DE8}") = "week02", "week02", "{131C5CCE-C85E-81CF-EB9F-372398CDB723}"
EndProject
Project("{FAE04EC0-301F-11D3-BF4B-00C04F79EFBC}") = "csharp-6", "week02\csharp-6\csharp-6.csproj", "{8639EEB7-A6C9-4389-BCFD-4033C4D60BE1}"
EndProject
Project("{FAE04EC0-301F-11D3-BF4B-00C04F79EFBC}") = "csharp-7", "week02\csharp-7\csharp-7.csproj", "{82588A6D-1691-4FE9-82B1-76BED669505A}"
EndProject
Project("{FAE04EC0-301F-11D3-BF4B-00C04F79EFBC}") = "csharp-8", "week02\csharp-8\csharp-8.csproj", "{35F14124-8A96-45DC-B8EA-349F3E0347AB}"
EndProject
Project("{FAE04EC0-301F-11D3-BF4B-00C04F79EFBC}") = "journal", "week02\journal\journal.csproj", "{F3CE7251-69A8-4C3E-A5A9-A046894AD199}"
EndProject
Project("{FAE04EC0-301F-11D3-BF4B-00C04F79EFBC}") = "resumes", "week02\resumes\resumes.csproj", "{A9271EF3-1B88-4344-9A08-0BD949254C6E}"
EndProject
Global
	GlobalSection(SolutionConfigurationPlatforms) = preSolution
		Debug|Any CPU = Debug|Any CPU
		Debug|x64 = Debug|x64
		Debug|x86 = Debug|x86
		Release|Any CPU = Release|Any CPU
		Release|x64 = Release|x64
		Release|x86 = Release|x86
	EndGlobalSection
	GlobalSection(ProjectConfigurationPlatforms) = postSolution
		{A81D5BA4-7800-4585-9B64-281F8D2ED4F8}.Debug|Any CPU.ActiveCfg = Debug|Any CPU
		{A81D5BA4-7800-4585-9B64-281F8D2ED4F8}.Debug|Any CPU.Build.0 = Debug|Any CPU
		{A81D5BA4-7800-4585-9B64-281F8D2ED4F8}.Debug|x64.ActiveCfg = Debug|Any CPU
		{A81D5BA4-7800-4585-9B64-281F8D2ED4F8}.Debug|x64.Build.0 = Debug|Any CPU
		{A81D5BA4-7800-4585-9B64-281F8D2ED4F8}.Debug|x86.ActiveCfg = Debug|Any CPU
		{A81D5BA4-7800-4585-9B64-281F8D2ED4F8}.Debug|x86.Build.0 = Debug|Any CPU
		{A81D5BA4-7800-4585-9B64-281F8D2ED4F8}.Release|Any CPU.ActiveCfg = Release|Any CPU
		{A81D5BA4-7800-4585-9B64-281F8D2ED4F8}.Release|Any CPU.Build.0 = Release|Any CPU
		{A81D5BA4-7800-4585-9B64-281F8D2ED4F8}.Release|x64.ActiveCfg = Release|Any CPU
		{A81D5BA4-7800-4585-9B64-281F8D2ED4F8}.Release|x64.Build.0 = Release|Any CPU
		{A81D5BA4-7800-4585-9B64-281F8D2ED4F8}.Release|x86.ActiveCfg = Release|Any CPU
		{A81D5BA4-7800-4585-9B64-281F8D2ED4F8}.Release|x86.Build.0 = Release|Any CPU
		{676EF27E-7651-4197-9D03-F2E9937B383E}.Debug|Any CPU.ActiveCfg = Debug|Any CPU
		{676EF27E-7651-4197-9D03-F2E9937B383E}.Debug|Any CPU.Build.0 = Debug|Any CPU
		{676EF27E-7651-4197-9D03-F2E9937B383E}.Debug|x64.ActiveCfg = Debug|Any CPU
		{676EF27E-7651-4197-9D03-F2E9937B383E}.Debug|x64.Build.0 = Debug|Any CPU
		{676EF27E-7651-4197-9D03-F2E9937B383E}.Debug|x86.ActiveCfg = Debug|Any CPU
		{676EF27E-7651-4197-9D03-F2E9937B383E}.Debug|x86.Build.0 = Debug|Any CPU
		{676EF27E-7651-4197-9D03-F2E9937B383E}.Release|Any CPU.ActiveCfg = Release|Any CPU
		{676EF27E-7651-4197-9D03-F2E9937B383E}.Release|Any CPU.Build.0 = Release|Any CPU
		{676EF27E-7651-4197-9D03-F2E9937B383E}.Release|x64.ActiveCfg = Release|Any CPU
		{676EF27E-7651-4197-9D03-F2E9937B383E}.Release|x64.Build.0 = Release|Any CPU
		{676EF27E-7651-4197-9D03-F2E9937B383E}.Release|x86.ActiveCfg = Release|Any CPU
		{676EF27E-7651-4197-9D03-F2E9937B383E}.Release|x86.Build.0 = Release|Any CPU
		{7500851A-CAE9-4C7E-AEB4-D2D66BBC83A4}.Debug|Any CPU.ActiveCfg = Debug|Any CPU
		{7500851A-CAE9-4C7E-AEB4-D2D66BBC83A4}.Debug|Any CPU.Build.0 = Debug|Any CPU
		{7500851A-CAE9-4C7E-AEB4-D2D66BBC83A4}.Debug|x64.ActiveCfg = Debug|Any CPU
		{7500851A-CAE9-4C7E-AEB4-D2D66BBC83A4}.Debug|x64.Build.0 = Debug|Any CPU
		{7500851A-CAE9-4C7E-AEB4-D2D66BBC83A4}.Debug|x86.ActiveCfg = Debug|Any CPU
		{7500851A-CAE9-4C7E-AEB4-D2D66BBC83A4}.Debug|x86.Build.0 = Debug|Any CPU
		{7500851A-CAE9-4C7E-AEB4-D2D66BBC83A4}.Release|Any CPU.ActiveCfg = Release|Any CPU
		{7500851A-CAE9-4C7E-AEB4-D2D66BBC83A4}.Release|Any CPU.Build.0 = Release|Any CPU
		{7500851A-CAE9-4C7E-AEB4-D2D66BBC83A4}.Release|x64.ActiveCfg = Release|Any CPU
		{7500851A-CAE9-4C7E-AEB4-D2D66BBC83A4}.Release|x64.Build.0 = Release|Any CPU
		{7500851A-CAE9-4C7E-AEB4-D2D66BBC83A4}.Release|x86.ActiveCfg = Release|Any CPU
		{7500851A-CAE9-4C7E-AEB4-D2D66BBC83A4}.Release|x86.Build.0 = Release|Any CPU
		{EEB585A7-DE3D-4E10-8E8B-EE87A20EACCC}.Debug|Any CPU.ActiveCfg = Debug|Any CPU
		{EEB585A7-DE3D-4E10-8E8B-EE87A20EACCC}.Debug|Any CPU.Build.0 = Debug|Any CPU
		{EEB585A7-DE3D-4E10-8E8B-EE87A20EACCC}.Debug|x64.ActiveCfg = Debug|Any CPU
		{EEB585A7-DE3D-4E10-8E8B-EE87A20EACCC}.Debug|x64.Build.0 = Debug|Any CPU
		{EEB585A7-DE3D-4E10-8E8B-EE87A20EACCC}.Debug|x86.ActiveCfg = Debug|Any CPU
		{EEB585A7-DE3D-4E10-8E8B-EE87A20EACCC}.Debug|x86.Build.0 = Debug|Any CPU
		{EEB585A7-DE3D-4E10-8E8B-EE87A20EACCC}.Release|Any CPU.ActiveCfg = Release|Any CPU
		{EEB585A7-DE3D-4E10-8E8B-EE87A20EACCC}.Release|Any CPU.Build.0 = Release|Any CPU
		{EEB585A7-DE3D-4E10-8E8B-EE87A20EACCC}.Release|x64.ActiveCfg = Release|Any CPU
		{EEB585A7-DE3D-4E10-8E8B-EE87A20EACCC}.Release|x64.Build.0 = Release|Any CPU
		{EEB585A7-DE3D-4E10-8E8B-EE87A20EACCC}.Release|x86.ActiveCfg = Release|Any CPU
		{EEB585A7-DE3D-4E10-8E8B-EE87A20EACCC}.Release|x86.Build.0 = Release|Any CPU
		{8F9B576B-D3D5-4F16-ABCF-E503FB66B16E}.Debug|Any CPU.ActiveCfg = Debug|Any CPU
		{8F9B576B-D3D5-4F16-ABCF-E503FB66B16E}.Debug|Any CPU.Build.0 = Debug|Any CPU
		{8F9B576B-D3D5-4F16-ABCF-E503FB66B16E}.Debug|x64.ActiveCfg = Debug|Any CPU
		{8F9B576B-D3D5-4F16-ABCF-E503FB66B16E}.Debug|x64.Build.0 = Debug|Any CPU
		{8F9B576B-D3D5-4F16-ABCF-E503FB66B16E}.Debug|x86.ActiveCfg = Debug|Any CPU
		{8F9B576B-D3D5-4F16-ABCF-E503FB66B16E}.Debug|x86.Build.0 = Debug|Any CPU
		{8F9B576B-D3D5-4F16-ABCF-E503FB66B16E}.Release|Any CPU.ActiveCfg = Release|Any CPU
		{8F9B576B-D3D5-4F16-ABCF-E503FB66B16E}.Release|Any CPU.Build.0 = Release|Any CPU
		{8F9B576B-D3D5-4F16-ABCF-E503FB66B16E}.Release|x64.ActiveCfg = Release|Any CPU
		{8F9B576B-D3D5-4F16-ABCF-E503FB66B16E}.Release|x64.Build.0 = Release|Any CPU
		{8F9B576B-D3D5-4F16-ABCF-E503FB66B16E}.Release|x86.ActiveCfg = Release|Any CPU
		{8F9B576B-D3D5-4F16-ABCF-E503FB66B16E}.Release|x86.Build.0 = Release|Any CPU
		{8639EEB7-A6C9-4389-BCFD-4033C4D60BE1}.Debug|Any CPU.ActiveCfg = Debug|Any CPU
		{8639EEB7-A6C9-4389-BCFD-4033C4D60BE1}.Debug|Any CPU.Build.0 = Debug|Any CPU
		{8639EEB7-A6C9-4389-BCFD-4033C4D60BE1}.Debug|x64.ActiveCfg = Debug|Any CPU
		{8639EEB7-A6C9-4389-BCFD-4033C4D60BE1}.Debug|x64.Build.0 = Debug|Any CPU
		{8639EEB7-A6C9-4389-BCFD-4033C4D60BE1}.Debug|x86.ActiveCfg = Debug|Any CPU
		{8639EEB7-A6C9-4389-BCFD-4033C4D60BE1}.Debug|x86.Build.0 = Debug|Any CPU
		{8639EEB7-A6C9-4389-BCFD-4033C4D60BE1}.Release|Any CPU.ActiveCfg = Release|Any CPU
		{8639EEB7-A6C9-4389-BCFD-4033C4D60BE1}.Release|Any CPU.Build.0 = Release|Any CPU
		{8639EEB7-A6C9-4389-BCFD-4033C4D60BE1}.Release|x64.ActiveCfg = Release|Any CPU
		{8639EEB7-A6C9-4389-BCFD-4033C4D60BE1}.Release|x64.Build.0 = Release|Any CPU
		{8639EEB7-A6C9-4389-BCFD-4033C4D60BE1}.Release|x86.ActiveCfg = Release|Any CPU
		{8639EEB7-A6C9-4389-BCFD-4033C4D60BE1}.Release|x86.Build.0 = Release|Any CPU
		{82588A6D-1691-4FE9-82B1-76BED669505A}.Debug|Any CPU.ActiveCfg = Debug|Any CPU
		{82588A6D-1691-4FE9-82B1-76BED669505A}.Debug|Any CPU.Build.0 = Debug|Any CPU
		{82588A6D-1691-4FE9-82B1-76BED669505A}.Debug|x64.ActiveCfg = Debug|Any CPU
		{82588A6D-1691-4FE9-82B1-76BED669505A}.Debug|x64.Build.0 = Debug|Any CPU
		{82588A6D-1691-4FE9-82B1-76BED669505A}.Debug|x86.ActiveCfg = Debug|Any CPU
		{82588A6D-1691-4FE9-82B1-76BED669505A}.Debug|x86.Build.0 = Debug|Any CPU
		{82588A6D-1691-4FE9-82B1-76BED669505A}.Release|Any CPU.ActiveCfg = Release|Any CPU
		{82588A6D-1691-4FE9-82B1-76BED669505A}.Release|Any CPU.Build.0 = Release|Any CPU
		{82588A6D-1691-4FE9-82B1-76BED669505A}.Release|x64.ActiveCfg = Release|Any CPU
		{82588A6D-1691-4FE9-82B1-76BED669505A}.Release|x64.Build.0 = Release|Any CPU
		{82588A6D-1691-4FE9-82B1-76BED669505A}.Release|x86.ActiveCfg = Release|Any CPU
		{82588A6D-1691-4FE9-82B1-76BED669505A}.Release|x86.Build.0 = Release|Any CPU
		{35F14124-8A96-45DC-B8EA-349F3E0347AB}.Debug|Any CPU.ActiveCfg = Debug|Any CPU
		{35F14124-8A96-45DC-B8EA-349F3E0347AB}.Debug|Any CPU.Build.0 = Debug|Any CPU
		{35F14124-8A96-45DC-B8EA-349F3E0347AB}.Debug|x64.ActiveCfg = Debug|Any CPU
		{35F14124-8A96-45DC-B8EA-349F3E0347AB}.Debug|x64.Build.0 = Debug|Any CPU
		{35F14124-8A96-45DC-B8EA-349F3E0347AB}.Debug|x86.ActiveCfg = Debug|Any CPU
		{35F14124-8A96-45DC-B8EA-349F3E0347AB}.Debug|x86.Build.0 = Debug|Any CPU
		{35F14124-8A96-45DC-B8EA-349F3E0347AB}.Release|Any CPU.ActiveCfg = Release|Any CPU
		{35F14124-8A96-45DC-B8EA-349F3E0347AB}.Release|Any CPU.Build.0 = Release|Any CPU
		{35F14124-8A96-45DC-B8EA-349F3E0347AB}.Release|x64.ActiveCfg = Release|Any CPU
		{35F14124-8A96-45DC-B8EA-349F3E0347AB}.Release|x64.Build.0 = Release|Any CPU
		{35F14124-8A96-45DC-B8EA-349F3E0347AB}.Release|x86.ActiveCfg = Release|Any CPU
		{35F14124-8A96-45DC-B8EA-349F3E0347AB}.Release|x86.Build.0 = Release|Any CPU
		{F3CE7251-69A8-4C3E-A5A9-A046894AD199}.Debug|Any CPU.ActiveCfg = Debug|Any CPU
		{F3CE7251-69A8-4C3E-A5A9-A046894AD199}.Debug|Any CPU.Build.0 = Debug|Any CPU
		{F3CE7251-69A8-4C3E-A5A9-A046894AD199}.Debug|x64.ActiveCfg = Debug|Any CPU
		{F3CE7251-69A8-4C3E-A5A9-A046894AD199}.Debug|x64.Build.0 = Debug|Any CPU
		{F3CE7251-69A8-4C3E-A5A9-A046894AD199}.Debug|x86.ActiveCfg = Debug|Any CPU
		{F3CE7251-69A8-4C3E-A5A9-A046894AD199}.Debug|x86.Build.0 = Debug|Any CPU
		{F3CE7251-69A8-4C3E-A5A9-A046894AD199}.Release|Any CPU.ActiveCfg = Release|Any CPU
		{F3CE7251-69A8-4C3E-A5A9-A046894AD199}.Release|Any CPU.Build.0 = Release|Any CPU
		{F3CE7251-69A8-4C3E-A5A9-A046894AD199}.Release|x64.ActiveCfg = Release|Any CPU
		{F3CE7251-69A8-4C3E-A5A9-A046894AD199}.Release|x64.Build.0 = Release|Any CPU
		{F3CE7251-69A8-4C3E-A5A9-A046894AD199}.Release|x86.ActiveCfg = Release|Any CPU
		{F3CE7251-69A8-4C3E-A5A9-A046894AD199}.Release|x86.Build.0 = Release|Any CPU
		{A9271EF3-1B88-4344-9A08-0BD949254C6E}.Debug|Any CPU.ActiveCfg = Debug|Any CPU
		{A9271EF3-1B88-4344-9A08-0BD949254C6E}.Debug|Any CPU.Build.0 = Debug|Any CPU
		{A9271EF3-1B88-4344-9A08-0BD949254C6E}.Debug|x64.ActiveCfg = Debug|Any CPU
		{A9271EF3-1B88-4344-9A08-0BD949254C6E}.Debug|x64.Build.0 = Debug|Any CPU
		{A9271EF3-1B88-4344-9A08-0BD949254C6E}.Debug|x86.ActiveCfg = Debug|Any CPU
		{A9271EF3-1B88-4344-9A08-0BD949254C6E}.Debug|x86.Build.0 = Debug|Any CPU
		{A9271EF3-1B88-4344-9A08-0BD949254C6E}.Release|Any CPU.ActiveCfg = Release|Any CPU
		{A9271EF3-1B88-4344-9A08-0BD949254C6E}.Release|Any CPU.Build.0 = Release|Any CPU
		{A9271EF3-1B88-4344-9A08-0BD949254C6E}.Release|x64.ActiveCfg = Release|Any CPU
		{A9271EF3-1B88-4344-9A08-0BD949254C6E}.Release|x64.Build.0 = Release|Any CPU
		{A9271EF3-1B88-4344-9A08-0BD949254C6E}.Release|x86.ActiveCfg = Release|Any CPU
		{A9271EF3-1B88-4344-9A08-0BD949254C6E}.Release|x86.Build.0 = Release|Any CPU
	EndGlobalSection
	GlobalSection(SolutionProperties) = preSolution
		HideSolutionNode = FALSE
	EndGlobalSection
	GlobalSection(NestedProjects) = preSolution
		{A81D5BA4-7800-4585-9B64-281F8D2ED4F8} = {D4176A17-D7E5-9C19-FD5F-8803B1692ECF}
		{676EF27E-7651-4197-9D03-F2E9937B383E} = {D4176A17-D7E5-9C19-FD5F-8803B1692ECF}
		{7500851A-CAE9-4C7E-AEB4-D2D66BBC83A4} = {D4176A17-D7E5-9C19-FD5F-8803B1692ECF}
		{EEB585A7-DE3D-4E10-8E8B-EE87A20EACCC} = {D4176A17-D7E5-9C19-FD5F-8803B1692ECF}
		{8F9B576B-D3D5-4F16-ABCF-E503FB66B16E} = {D4176A17-D7E5-9C19-FD5F-8803B1692ECF}
		{8639EEB7-A6C9-4389-BCFD-4033C4D60BE1} = {131C5CCE-C85E-81CF-EB9F-372398CDB723}
		{82588A6D-1691-4FE9-82B1-76BED669505A} = {131C5CCE-C85E-81CF-EB9F-372398CDB723}
		{35F14124-8A96-45DC-B8EA-349F3E0347AB} = {131C5CCE-C85E-81CF-EB9F-372398CDB723}
		{F3CE7251-69A8-4C3E-A5A9-A046894AD199} = {131C5CCE-C85E-81CF-EB9F-372398CDB723}
		{A9271EF3-1B88-4344-9A08-0BD949254C6E} = {131C5CCE-C85E-81CF-EB9F-372398CDB723}
	EndGlobalSection
EndGlobal
